# Generated by pub
packages:
  analyzer:
    dependency: "direct main"
    description:
      name: analyzer
      url: "https://pub.dev"
    source: hosted
    version: "9.0.0"
  yaml:
    dependency: "direct dev"
    description:
      name: yaml
      url: "https://pub.dev"
    source: hosted
    version: "3.1.2"
  collection:
    dependency: transitive
    description:
      name: collection
      url: "https://pub.dev"
    source: hosted
    version: "1.18.0"
sdks:
  dart: ">=3.0.0 <4.0.0"
